// !$*UTF8*$!
{
	archiveVersion = 1;
	classes = {
	};
	objectVersion = 56;
	objects = {

/* Begin PBXBuildFile section */
		90C101702BE80BED0057A057 /* GardBotApp.swift in Sources */ = {isa = PBXBuildFile; fileRef = 90C1016F2BE80BED0057A057 /* GardBotApp.swift */; };
		90C101722BE80BED0057A057 /* GardBotView.swift in Sources */ = {isa = PBXBuildFile; fileRef = 90C101712BE80BED0057A057 /* GardBotView.swift */; };
		90C101742BE80BEF0057A057 /* Assets.xcassets in Resources */ = {isa = PBXBuildFile; fileRef = 90C101732BE80BEF0057A057 /* Assets.xcassets */; };
		90C101772BE80BEF0057A057 /* Preview Assets.xcassets in Resources */ = {isa = PBXBuildFile; fileRef = 90C101762BE80BEF0057A057 /* Preview Assets.xcassets */; };
		90C101812BE80BEF0057A057 /* GardBotTests.swift in Sources */ = {isa = PBXBuildFile; fileRef = 90C101802BE80BEF0057A057 /* GardBotTests.swift */; };
		90C1018B2BE80BEF0057A057 /* GardBotUITests.swift in Sources */ = {isa = PBXBuildFile; fileRef = 90C1018A2BE80BEF0057A057 /* GardBotUITests.swift */; };
		90C1018D2BE80BEF0057A057 /* GardBotUITestsLaunchTests.swift in Sources */ = {isa = PBXBuildFile; fileRef = 90C1018C2BE80BEF0057A057 /* GardBotUITestsLaunchTests.swift */; };
/* End PBXBuildFile section */

/* Begin PBXContainerItemProxy section */
		90C1017D2BE80BEF0057A057 /* PBXContainerItemProxy */ = {
			isa = PBXContainerItemProxy;
			containerPortal = 90C101642BE80BEC0057A057 /* Project object */;
			proxyType = 1;
			remoteGlobalIDString = 90C1016B2BE80BED0057A057;
			remoteInfo = GardBot;
		};
		90C101872BE80BEF0057A057 /* PBXContainerItemProxy */ = {
			isa = PBXContainerItemProxy;
			containerPortal = 90C101642BE80BEC0057A057 /* Project object */;
			proxyType = 1;
			remoteGlobalIDString = 90C1016B2BE80BED0057A057;
			remoteInfo = GardBot;
		};
/* End PBXContainerItemProxy section */

/* Begin PBXFileReference section */
		90C1016C2BE80BED0057A057 /* GardBot.app */ = {isa = PBXFileReference; explicitFileType = wrapper.application; includeInIndex = 0; path = GardBot.app; sourceTree = BUILT_PRODUCTS_DIR; };
		90C1016F2BE80BED0057A057 /* GardBotApp.swift */ = {isa = PBXFileReference; lastKnownFileType = sourcecode.swift; path = GardBotApp.swift; sourceTree = "<group>"; };
		90C101712BE80BED0057A057 /* GardBotView.swift */ = {isa = PBXFileReference; lastKnownFileType = sourcecode.swift; path = GardBotView.swift; sourceTree = "<group>"; tabWidth = 4; };
		90C101732BE80BEF0057A057 /* Assets.xcassets */ = {isa = PBXFileReference; lastKnownFileType = folder.assetcatalog; path = Assets.xcassets; sourceTree = "<group>"; };
		90C101762BE80BEF0057A057 /* Preview Assets.xcassets */ = {isa = PBXFileReference; lastKnownFileType = folder.assetcatalog; path = "Preview Assets.xcassets"; sourceTree = "<group>"; };
		90C1017C2BE80BEF0057A057 /* GardBotTests.xctest */ = {isa = PBXFileReference; explicitFileType = wrapper.cfbundle; includeInIndex = 0; path = GardBotTests.xctest; sourceTree = BUILT_PRODUCTS_DIR; };
		90C101802BE80BEF0057A057 /* GardBotTests.swift */ = {isa = PBXFileReference; lastKnownFileType = sourcecode.swift; path = GardBotTests.swift; sourceTree = "<group>"; };
		90C101862BE80BEF0057A057 /* GardBotUITests.xctest */ = {isa = PBXFileReference; explicitFileType = wrapper.cfbundle; includeInIndex = 0; path = GardBotUITests.xctest; sourceTree = BUILT_PRODUCTS_DIR; };
		90C1018A2BE80BEF0057A057 /* GardBotUITests.swift */ = {isa = PBXFileReference; lastKnownFileType = sourcecode.swift; path = GardBotUITests.swift; sourceTree = "<group>"; };
		90C1018C2BE80BEF0057A057 /* GardBotUITestsLaunchTests.swift */ = {isa = PBXFileReference; lastKnownFileType = sourcecode.swift; path = GardBotUITestsLaunchTests.swift; sourceTree = "<group>"; };
/* End PBXFileReference section */

/* Begin PBXFrameworksBuildPhase section */
		90C101692BE80BED0057A057 /* Frameworks */ = {
			isa = PBXFrameworksBuildPhase;
			buildActionMask = 2147483647;
			files = (
			);
			runOnlyForDeploymentPostprocessing = 0;
		};
		90C101792BE80BEF0057A057 /* Frameworks */ = {
			isa = PBXFrameworksBuildPhase;
			buildActionMask = 2147483647;
			files = (
			);
			runOnlyForDeploymentPostprocessing = 0;
		};
		90C101832BE80BEF0057A057 /* Frameworks */ = {
			isa = PBXFrameworksBuildPhase;
			buildActionMask = 2147483647;
			files = (
			);
			runOnlyForDeploymentPostprocessing = 0;
		};
/* End PBXFrameworksBuildPhase section */

/* Begin PBXGroup section */
		90C101632BE80BEC0057A057 = {
			isa = PBXGroup;
			children = (
				90C1016E2BE80BED0057A057 /* GardBot */,
				90C1017F2BE80BEF0057A057 /* GardBotTests */,
				90C101892BE80BEF0057A057 /* GardBotUITests */,
				90C1016D2BE80BED0057A057 /* Products */,
			);
			sourceTree = "<group>";
		};
		90C1016D2BE80BED0057A057 /* Products */ = {
			isa = PBXGroup;
			children = (
				90C1016C2BE80BED0057A057 /* GardBot.app */,
				90C1017C2BE80BEF0057A057 /* GardBotTests.xctest */,
				90C101862BE80BEF0057A057 /* GardBotUITests.xctest */,
			);
			name = Products;
			sourceTree = "<group>";
		};
		90C1016E2BE80BED0057A057 /* GardBot */ = {
			isa = PBXGroup;
			children = (
				90C1016F2BE80BED0057A057 /* GardBotApp.swift */,
				90C101712BE80BED0057A057 /* GardBotView.swift */,
				90C101732BE80BEF0057A057 /* Assets.xcassets */,
				90C101752BE80BEF0057A057 /* Preview Content */,
			);
			path = GardBot;
			sourceTree = "<group>";
		};
		90C101752BE80BEF0057A057 /* Preview Content */ = {
			isa = PBXGroup;
			children = (
				90C101762BE80BEF0057A057 /* Preview Assets.xcassets */,
			);
			path = "Preview Content";
			sourceTree = "<group>";
		};
		90C1017F2BE80BEF0057A057 /* GardBotTests */ = {
			isa = PBXGroup;
			children = (
				90C101802BE80BEF0057A057 /* GardBotTests.swift */,
			);
			path = GardBotTests;
			sourceTree = "<group>";
		};
		90C101892BE80BEF0057A057 /* GardBotUITests */ = {
			isa = PBXGroup;
			children = (
				90C1018A2BE80BEF0057A057 /* GardBotUITests.swift */,
				90C1018C2BE80BEF0057A057 /* GardBotUITestsLaunchTests.swift */,
			);
			path = GardBotUITests;
			sourceTree = "<group>";
		};
/* End PBXGroup section */

/* Begin PBXNativeTarget section */
		90C1016B2BE80BED0057A057 /* GardBot */ = {
			isa = PBXNativeTarget;
			buildConfigurationList = 90C101902BE80BEF0057A057 /* Build configuration list for PBXNativeTarget "GardBot" */;
			buildPhases = (
				90C101682BE80BED0057A057 /* Sources */,
				90C101692BE80BED0057A057 /* Frameworks */,
				90C1016A2BE80BED0057A057 /* Resources */,
			);
			buildRules = (
			);
			dependencies = (
			);
			name = GardBot;
			productName = GardBot;
			productReference = 90C1016C2BE80BED0057A057 /* GardBot.app */;
			productType = "com.apple.product-type.application";
		};
		90C1017B2BE80BEF0057A057 /* GardBotTests */ = {
			isa = PBXNativeTarget;
			buildConfigurationList = 90C101932BE80BEF0057A057 /* Build configuration list for PBXNativeTarget "GardBotTests" */;
			buildPhases = (
				90C101782BE80BEF0057A057 /* Sources */,
				90C101792BE80BEF0057A057 /* Frameworks */,
				90C1017A2BE80BEF0057A057 /* Resources */,
			);
			buildRules = (
			);
			dependencies = (
				90C1017E2BE80BEF0057A057 /* PBXTargetDependency */,
			);
			name = GardBotTests;
			productName = GardBotTests;
			productReference = 90C1017C2BE80BEF0057A057 /* GardBotTests.xctest */;
			productType = "com.apple.product-type.bundle.unit-test";
		};
		90C101852BE80BEF0057A057 /* GardBotUITests */ = {
			isa = PBXNativeTarget;
			buildConfigurationList = 90C101962BE80BEF0057A057 /* Build configuration list for PBXNativeTarget "GardBotUITests" */;
			buildPhases = (
				90C101822BE80BEF0057A057 /* Sources */,
				90C101832BE80BEF0057A057 /* Frameworks */,
				90C101842BE80BEF0057A057 /* Resources */,
			);
			buildRules = (
			);
			dependencies = (
				90C101882BE80BEF0057A057 /* PBXTargetDependency */,
			);
			name = GardBotUITests;
			productName = GardBotUITests;
			productReference = 90C101862BE80BEF0057A057 /* GardBotUITests.xctest */;
			productType = "com.apple.product-type.bundle.ui-testing";
		};
/* End PBXNativeTarget section */

/* Begin PBXProject section */
		90C101642BE80BEC0057A057 /* Project object */ = {
			isa = PBXProject;
			attributes = {
				BuildIndependentTargetsInParallel = 1;
				LastSwiftUpdateCheck = 1530;
				LastUpgradeCheck = 1530;
				TargetAttributes = {
					90C1016B2BE80BED0057A057 = {
						CreatedOnToolsVersion = 15.3;
					};
					90C1017B2BE80BEF0057A057 = {
						CreatedOnToolsVersion = 15.3;
						TestTargetID = 90C1016B2BE80BED0057A057;
					};
					90C101852BE80BEF0057A057 = {
						CreatedOnToolsVersion = 15.3;
						TestTargetID = 90C1016B2BE80BED0057A057;
					};
				};
			};
			buildConfigurationList = 90C101672BE80BEC0057A057 /* Build configuration list for PBXProject "GardBot" */;
			compatibilityVersion = "Xcode 14.0";
			developmentRegion = en;
			hasScannedForEncodings = 0;
			knownRegions = (
				en,
				Base,
			);
			mainGroup = 90C101632BE80BEC0057A057;
			productRefGroup = 90C1016D2BE80BED0057A057 /* Products */;
			projectDirPath = "";
			projectRoot = "";
			targets = (
				90C1016B2BE80BED0057A057 /* GardBot */,
				90C1017B2BE80BEF0057A057 /* GardBotTests */,
				90C101852BE80BEF0057A057 /* GardBotUITests */,
			);
		};
/* End PBXProject section */

/* Begin PBXResourcesBuildPhase section */
		90C1016A2BE80BED0057A057 /* Resources */ = {
			isa = PBXResourcesBuildPhase;
			buildActionMask = 2147483647;
			files = (
				90C101772BE80BEF0057A057 /* Preview Assets.xcassets in Resources */,
				90C101742BE80BEF0057A057 /* Assets.xcassets in Resources */,
			);
			runOnlyForDeploymentPostprocessing = 0;
		};
		90C1017A2BE80BEF0057A057 /* Resources */ = {
			isa = PBXResourcesBuildPhase;
			buildActionMask = 2147483647;
			files = (
			);
			runOnlyForDeploymentPostprocessing = 0;
		};
		90C101842BE80BEF0057A057 /* Resources */ = {
			isa = PBXResourcesBuildPhase;
			buildActionMask = 2147483647;
			files = (
			);
			runOnlyForDeploymentPostprocessing = 0;
		};
/* End PBXResourcesBuildPhase section */

/* Begin PBXSourcesBuildPhase section */
		90C101682BE80BED0057A057 /* Sources */ = {
			isa = PBXSourcesBuildPhase;
			buildActionMask = 2147483647;
			files = (
				90C101722BE80BED0057A057 /* GardBotView.swift in Sources */,
				90C101702BE80BED0057A057 /* GardBotApp.swift in Sources */,
			);
			runOnlyForDeploymentPostprocessing = 0;
		};
		90C101782BE80BEF0057A057 /* Sources */ = {
			isa = PBXSourcesBuildPhase;
			buildActionMask = 2147483647;
			files = (
				90C101812BE80BEF0057A057 /* GardBotTests.swift in Sources */,
			);
			runOnlyForDeploymentPostprocessing = 0;
		};
		90C101822BE80BEF0057A057 /* Sources */ = {
			isa = PBXSourcesBuildPhase;
			buildActionMask = 2147483647;
			files = (
				90C1018D2BE80BEF0057A057 /* GardBotUITestsLaunchTests.swift in Sources */,
				90C1018B2BE80BEF0057A057 /* GardBotUITests.swift in Sources */,
			);
			runOnlyForDeploymentPostprocessing = 0;
		};
/* End PBXSourcesBuildPhase section */

/* Begin PBXTargetDependency section */
		90C1017E2BE80BEF0057A057 /* PBXTargetDependency */ = {
			isa = PBXTargetDependency;
			target = 90C1016B2BE80BED0057A057 /* GardBot */;
			targetProxy = 90C1017D2BE80BEF0057A057 /* PBXContainerItemProxy */;
		};
		90C101882BE80BEF0057A057 /* PBXTargetDependency */ = {
			isa = PBXTargetDependency;
			target = 90C1016B2BE80BED0057A057 /* GardBot */;
			targetProxy = 90C101872BE80BEF0057A057 /* PBXContainerItemProxy */;
		};
/* End PBXTargetDependency section */

/* Begin XCBuildConfiguration section */
		90C1018E2BE80BEF0057A057 /* Debug */ = {
			isa = XCBuildConfiguration;
			buildSettings = {
				ALWAYS_SEARCH_USER_PATHS = NO;
				ASSETCATALOG_COMPILER_GENERATE_SWIFT_ASSET_SYMBOL_EXTENSIONS = YES;
				CLANG_ANALYZER_NONNULL = YES;
				CLANG_ANALYZER_NUMBER_OBJECT_CONVERSION = YES_AGGRESSIVE;
				CLANG_CXX_LANGUAGE_STANDARD = "gnu++20";
				CLANG_ENABLE_MODULES = YES;
				CLANG_ENABLE_OBJC_ARC = YES;
				CLANG_ENABLE_OBJC_WEAK = YES;
				CLANG_WARN_BLOCK_CAPTURE_AUTORELEASING = YES;
				CLANG_WARN_BOOL_CONVERSION = YES;
				CLANG_WARN_COMMA = YES;
				CLANG_WARN_CONSTANT_CONVERSION = YES;
				CLANG_WARN_DEPRECATED_OBJC_IMPLEMENTATIONS = YES;
				CLANG_WARN_DIRECT_OBJC_ISA_USAGE = YES_ERROR;
				CLANG_WARN_DOCUMENTATION_COMMENTS = YES;
				CLANG_WARN_EMPTY_BODY = YES;
				CLANG_WARN_ENUM_CONVERSION = YES;
				CLANG_WARN_INFINITE_RECURSION = YES;
				CLANG_WARN_INT_CONVERSION = YES;
				CLANG_WARN_NON_LITERAL_NULL_CONVERSION = YES;
				CLANG_WARN_OBJC_IMPLICIT_RETAIN_SELF = YES;
				CLANG_WARN_OBJC_LITERAL_CONVERSION = YES;
				CLANG_WARN_OBJC_ROOT_CLASS = YES_ERROR;
				CLANG_WARN_QUOTED_INCLUDE_IN_FRAMEWORK_HEADER = YES;
				CLANG_WARN_RANGE_LOOP_ANALYSIS = YES;
				CLANG_WARN_STRICT_PROTOTYPES = YES;
				CLANG_WARN_SUSPICIOUS_MOVE = YES;
				CLANG_WARN_UNGUARDED_AVAILABILITY = YES_AGGRESSIVE;
				CLANG_WARN_UNREACHABLE_CODE = YES;
				CLANG_WARN__DUPLICATE_METHOD_MATCH = YES;
				COPY_PHASE_STRIP = NO;
				DEBUG_INFORMATION_FORMAT = dwarf;
				ENABLE_STRICT_OBJC_MSGSEND = YES;
				ENABLE_TESTABILITY = YES;
				ENABLE_USER_SCRIPT_SANDBOXING = YES;
				GCC_C_LANGUAGE_STANDARD = gnu17;
				GCC_DYNAMIC_NO_PIC = NO;
				GCC_NO_COMMON_BLOCKS = YES;
				GCC_OPTIMIZATION_LEVEL = 0;
				GCC_PREPROCESSOR_DEFINITIONS = (
					"DEBUG=1",
					"$(inherited)",
				);
				GCC_WARN_64_TO_32_BIT_CONVERSION = YES;
				GCC_WARN_ABOUT_RETURN_TYPE = YES_ERROR;
				GCC_WARN_UNDECLARED_SELECTOR = YES;
				GCC_WARN_UNINITIALIZED_AUTOS = YES_AGGRESSIVE;
				GCC_WARN_UNUSED_FUNCTION = YES;
				GCC_WARN_UNUSED_VARIABLE = YES;
				IPHONEOS_DEPLOYMENT_TARGET = 17.4;
				LOCALIZATION_PREFERS_STRING_CATALOGS = YES;
				MTL_ENABLE_DEBUG_INFO = INCLUDE_SOURCE;
				MTL_FAST_MATH = YES;
				ONLY_ACTIVE_ARCH = YES;
				SDKROOT = iphoneos;
				SWIFT_ACTIVE_COMPILATION_CONDITIONS = "DEBUG $(inherited)";
				SWIFT_OPTIMIZATION_LEVEL = "-Onone";
			};
			name = Debug;
		};
		90C1018F2BE80BEF0057A057 /* Release */ = {
			isa = XCBuildConfiguration;
			buildSettings = {
				ALWAYS_SEARCH_USER_PATHS = NO;
				ASSETCATALOG_COMPILER_GENERATE_SWIFT_ASSET_SYMBOL_EXTENSIONS = YES;
				CLANG_ANALYZER_NONNULL = YES;
				CLANG_ANALYZER_NUMBER_OBJECT_CONVERSION = YES_AGGRESSIVE;
				CLANG_CXX_LANGUAGE_STANDARD = "gnu++20";
				CLANG_ENABLE_MODULES = YES;
				CLANG_ENABLE_OBJC_ARC = YES;
				CLANG_ENABLE_OBJC_WEAK = YES;
				CLANG_WARN_BLOCK_CAPTURE_AUTORELEASING = YES;
				CLANG_WARN_BOOL_CONVERSION = YES;
				CLANG_WARN_COMMA = YES;
				CLANG_WARN_CONSTANT_CONVERSION = YES;
				CLANG_WARN_DEPRECATED_OBJC_IMPLEMENTATIONS = YES;
				CLANG_WARN_DIRECT_OBJC_ISA_USAGE = YES_ERROR;
				CLANG_WARN_DOCUMENTATION_COMMENTS = YES;
				CLANG_WARN_EMPTY_BODY = YES;
				CLANG_WARN_ENUM_CONVERSION = YES;
				CLANG_WARN_INFINITE_RECURSION = YES;
				CLANG_WARN_INT_CONVERSION = YES;
				CLANG_WARN_NON_LITERAL_NULL_CONVERSION = YES;
				CLANG_WARN_OBJC_IMPLICIT_RETAIN_SELF = YES;
				CLANG_WARN_OBJC_LITERAL_CONVERSION = YES;
				CLANG_WARN_OBJC_ROOT_CLASS = YES_ERROR;
				CLANG_WARN_QUOTED_INCLUDE_IN_FRAMEWORK_HEADER = YES;
				CLANG_WARN_RANGE_LOOP_ANALYSIS = YES;
				CLANG_WARN_STRICT_PROTOTYPES = YES;
				CLANG_WARN_SUSPICIOUS_MOVE = YES;
				CLANG_WARN_UNGUARDED_AVAILABILITY = YES_AGGRESSIVE;
				CLANG_WARN_UNREACHABLE_CODE = YES;
				CLANG_WARN__DUPLICATE_METHOD_MATCH = YES;
				COPY_PHASE_STRIP = NO;
				DEBUG_INFORMATION_FORMAT = "dwarf-with-dsym";
				ENABLE_NS_ASSERTIONS = NO;
				ENABLE_STRICT_OBJC_MSGSEND = YES;
				ENABLE_USER_SCRIPT_SANDBOXING = YES;
				GCC_C_LANGUAGE_STANDARD = gnu17;
				GCC_NO_COMMON_BLOCKS = YES;
				GCC_WARN_64_TO_32_BIT_CONVERSION = YES;
				GCC_WARN_ABOUT_RETURN_TYPE = YES_ERROR;
				GCC_WARN_UNDECLARED_SELECTOR = YES;
				GCC_WARN_UNINITIALIZED_AUTOS = YES_AGGRESSIVE;
				GCC_WARN_UNUSED_FUNCTION = YES;
				GCC_WARN_UNUSED_VARIABLE = YES;
				IPHONEOS_DEPLOYMENT_TARGET = 17.4;
				LOCALIZATION_PREFERS_STRING_CATALOGS = YES;
				MTL_ENABLE_DEBUG_INFO = NO;
				MTL_FAST_MATH = YES;
				SDKROOT = iphoneos;
				SWIFT_COMPILATION_MODE = wholemodule;
				VALIDATE_PRODUCT = YES;
			};
			name = Release;
		};
		90C101912BE80BEF0057A057 /* Debug */ = {
			isa = XCBuildConfiguration;
			buildSettings = {
				ASSETCATALOG_COMPILER_APPICON_NAME = AppIcon;
				ASSETCATALOG_COMPILER_GLOBAL_ACCENT_COLOR_NAME = AccentColor;
				CODE_SIGN_STYLE = Automatic;
				CURRENT_PROJECT_VERSION = 1;
				DEVELOPMENT_ASSET_PATHS = "\"GardBot/Preview Content\"";
				DEVELOPMENT_TEAM = 6WVHQF3BPU;
				ENABLE_PREVIEWS = YES;
				GENERATE_INFOPLIST_FILE = YES;
				INFOPLIST_KEY_UIApplicationSceneManifest_Generation = YES;
				INFOPLIST_KEY_UIApplicationSupportsIndirectInputEvents = YES;
				INFOPLIST_KEY_UILaunchScreen_Generation = YES;
				INFOPLIST_KEY_UISupportedInterfaceOrientations_iPad = "UIInterfaceOrientationPortrait UIInterfaceOrientationPortraitUpsideDown UIInterfaceOrientationLandscapeLeft UIInterfaceOrientationLandscapeRight";
				INFOPLIST_KEY_UISupportedInterfaceOrientations_iPhone = "UIInterfaceOrientationPortrait UIInterfaceOrientationLandscapeLeft UIInterfaceOrientationLandscapeRight";
				LD_RUNPATH_SEARCH_PATHS = (
					"$(inherited)",
					"@executable_path/Frameworks",
				);
				MARKETING_VERSION = 1.0;
				PRODUCT_BUNDLE_IDENTIFIER = com.FarmsteadFort.GardBot;
				PRODUCT_NAME = "$(TARGET_NAME)";
				SWIFT_EMIT_LOC_STRINGS = YES;
				SWIFT_VERSION = 5.0;
				TARGETED_DEVICE_FAMILY = "1,2";
			};
			name = Debug;
		};
		90C101922BE80BEF0057A057 /* Release */ = {
			isa = XCBuildConfiguration;
			buildSettings = {
				ASSETCATALOG_COMPILER_APPICON_NAME = AppIcon;
				ASSETCATALOG_COMPILER_GLOBAL_ACCENT_COLOR_NAME = AccentColor;
				CODE_SIGN_STYLE = Automatic;
				CURRENT_PROJECT_VERSION = 1;
				DEVELOPMENT_ASSET_PATHS = "\"GardBot/Preview Content\"";
				DEVELOPMENT_TEAM = 6WVHQF3BPU;
				ENABLE_PREVIEWS = YES;
				GENERATE_INFOPLIST_FILE = YES;
				INFOPLIST_KEY_UIApplicationSceneManifest_Generation = YES;
				INFOPLIST_KEY_UIApplicationSupportsIndirectInputEvents = YES;
				INFOPLIST_KEY_UILaunchScreen_Generation = YES;
				INFOPLIST_KEY_UISupportedInterfaceOrientations_iPad = "UIInterfaceOrientationPortrait UIInterfaceOrientationPortraitUpsideDown UIInterfaceOrientationLandscapeLeft UIInterfaceOrientationLandscapeRight";
				INFOPLIST_KEY_UISupportedInterfaceOrientations_iPhone = "UIInterfaceOrientationPortrait UIInterfaceOrientationLandscapeLeft UIInterfaceOrientationLandscapeRight";
				LD_RUNPATH_SEARCH_PATHS = (
					"$(inherited)",
					"@executable_path/Frameworks",
				);
				MARKETING_VERSION = 1.0;
				PRODUCT_BUNDLE_IDENTIFIER = com.FarmsteadFort.GardBot;
				PRODUCT_NAME = "$(TARGET_NAME)";
				SWIFT_EMIT_LOC_STRINGS = YES;
				SWIFT_VERSION = 5.0;
				TARGETED_DEVICE_FAMILY = "1,2";
			};
			name = Release;
		};
		90C101942BE80BEF0057A057 /* Debug */ = {
			isa = XCBuildConfiguration;
			buildSettings = {
				ALWAYS_EMBED_SWIFT_STANDARD_LIBRARIES = YES;
				BUNDLE_LOADER = "$(TEST_HOST)";
				CODE_SIGN_STYLE = Automatic;
				CURRENT_PROJECT_VERSION = 1;
				GENERATE_INFOPLIST_FILE = YES;
				IPHONEOS_DEPLOYMENT_TARGET = 17.4;
				MARKETING_VERSION = 1.0;
				PRODUCT_BUNDLE_IDENTIFIER = com.FarmsteadFort.GardBotTests;
				PRODUCT_NAME = "$(TARGET_NAME)";
				SWIFT_EMIT_LOC_STRINGS = NO;
				SWIFT_VERSION = 5.0;
				TARGETED_DEVICE_FAMILY = "1,2";
				TEST_HOST = "$(BUILT_PRODUCTS_DIR)/GardBot.app/$(BUNDLE_EXECUTABLE_FOLDER_PATH)/GardBot";
			};
			name = Debug;
		};
		90C101952BE80BEF0057A057 /* Release */ = {
			isa = XCBuildConfiguration;
			buildSettings = {
				ALWAYS_EMBED_SWIFT_STANDARD_LIBRARIES = YES;
				BUNDLE_LOADER = "$(TEST_HOST)";
				CODE_SIGN_STYLE = Automatic;
				CURRENT_PROJECT_VERSION = 1;
				GENERATE_INFOPLIST_FILE = YES;
				IPHONEOS_DEPLOYMENT_TARGET = 17.4;
				MARKETING_VERSION = 1.0;
				PRODUCT_BUNDLE_IDENTIFIER = com.FarmsteadFort.GardBotTests;
				PRODUCT_NAME = "$(TARGET_NAME)";
				SWIFT_EMIT_LOC_STRINGS = NO;
				SWIFT_VERSION = 5.0;
				TARGETED_DEVICE_FAMILY = "1,2";
				TEST_HOST = "$(BUILT_PRODUCTS_DIR)/GardBot.app/$(BUNDLE_EXECUTABLE_FOLDER_PATH)/GardBot";
			};
			name = Release;
		};
		90C101972BE80BEF0057A057 /* Debug */ = {
			isa = XCBuildConfiguration;
			buildSettings = {
				ALWAYS_EMBED_SWIFT_STANDARD_LIBRARIES = YES;
				CODE_SIGN_STYLE = Automatic;
				CURRENT_PROJECT_VERSION = 1;
				GENERATE_INFOPLIST_FILE = YES;
				MARKETING_VERSION = 1.0;
				PRODUCT_BUNDLE_IDENTIFIER = com.FarmsteadFort.GardBotUITests;
				PRODUCT_NAME = "$(TARGET_NAME)";
				SWIFT_EMIT_LOC_STRINGS = NO;
				SWIFT_VERSION = 5.0;
				TARGETED_DEVICE_FAMILY = "1,2";
				TEST_TARGET_NAME = GardBot;
			};
			name = Debug;
		};
		90C101982BE80BEF0057A057 /* Release */ = {
			isa = XCBuildConfiguration;
			buildSettings = {
				ALWAYS_EMBED_SWIFT_STANDARD_LIBRARIES = YES;
				CODE_SIGN_STYLE = Automatic;
				CURRENT_PROJECT_VERSION = 1;
				GENERATE_INFOPLIST_FILE = YES;
				MARKETING_VERSION = 1.0;
				PRODUCT_BUNDLE_IDENTIFIER = com.FarmsteadFort.GardBotUITests;
				PRODUCT_NAME = "$(TARGET_NAME)";
				SWIFT_EMIT_LOC_STRINGS = NO;
				SWIFT_VERSION = 5.0;
				TARGETED_DEVICE_FAMILY = "1,2";
				TEST_TARGET_NAME = GardBot;
			};
			name = Release;
		};
/* End XCBuildConfiguration section */

/* Begin XCConfigurationList section */
		90C101672BE80BEC0057A057 /* Build configuration list for PBXProject "GardBot" */ = {
			isa = XCConfigurationList;
			buildConfigurations = (
				90C1018E2BE80BEF0057A057 /* Debug */,
				90C1018F2BE80BEF0057A057 /* Release */,
			);
			defaultConfigurationIsVisible = 0;
			defaultConfigurationName = Release;
		};
		90C101902BE80BEF0057A057 /* Build configuration list for PBXNativeTarget "GardBot" */ = {
			isa = XCConfigurationList;
			buildConfigurations = (
				90C101912BE80BEF0057A057 /* Debug */,
				90C101922BE80BEF0057A057 /* Release */,
			);
			defaultConfigurationIsVisible = 0;
			defaultConfigurationName = Release;
		};
		90C101932BE80BEF0057A057 /* Build configuration list for PBXNativeTarget "GardBotTests" */ = {
			isa = XCConfigurationList;
			buildConfigurations = (
				90C101942BE80BEF0057A057 /* Debug */,
				90C101952BE80BEF0057A057 /* Release */,
			);
			defaultConfigurationIsVisible = 0;
			defaultConfigurationName = Release;
		};
		90C101962BE80BEF0057A057 /* Build configuration list for PBXNativeTarget "GardBotUITests" */ = {
			isa = XCConfigurationList;
			buildConfigurations = (
				90C101972BE80BEF0057A057 /* Debug */,
				90C101982BE80BEF0057A057 /* Release */,
			);
			defaultConfigurationIsVisible = 0;
			defaultConfigurationName = Release;
		};
/* End XCConfigurationList section */
	};
	rootObject = 90C101642BE80BEC0057A057 /* Project object */;
}
